{
  "version": 1,
  "dependencies": {
    "net10.0-windows7.0": {
      "LibVLCSharp.WinForms": {
        "type": "Direct",
        "requested": "[3.10.1, )",
        "resolved": "3.10.1",
        "contentHash": "KOA4S7GqhIqxfnRdvHH6XGvoPbFFqi1DE/MWauvWNywc/gn8HOjaqq3Tf5rqL/QahZ4bCp/mNOlK0gcWN+g7kg==",
        "dependencies": {
          "LibVLCSharp": "3.10.1"
        }
      },
      "VideoLAN.LibVLC.Windows": {
        "type": "Direct",
        "requested": "[3.0.24, )",
        "resolved": "3.0.24",
        "contentHash": "U8SHuJr8eAC3x4+gEtOJD2heReo0tTWP3v21NunYNTzjmHpVp7qELs8phohqazxHMkaSIN8LufdIpAhldiLL/A=="
      },
      "LibVLCSharp": {
        "type": "Transitive",
        "resolved": "3.10.1",
        "contentHash": "6iSrYMk6RU8fyftdXrfR1TW3xpR/WhEmliORuWvAu2N05wECb8k2hykWiU53/1zqx616v/qUlDbJJyqv78MDkQ=="
      }
    },
    "net10.0-windows7.0/win-x64": {}
  }
}